
Microsoft Visual Studio Solution File, Format Version 12.00
# Visual Studio 15
VisualStudioVersion = 15.0.28307.106
MinimumVisualStudioVersion = 10.0.40219.1
Project("{9A19103F-16F7-4668-BE54-9A1E7A4F7556}") = "AuctionManagement.Domain", "AuctionManagement.Domain\AuctionManagement.Domain.csproj", "{2EBE7573-F39F-48DE-A8F3-F7D6F57003A5}"
EndProject
Project("{2150E333-8FDC-42A3-9474-1A3956D46DE8}") = "Domain", "Domain", "{3FBF77AD-E1C8-47A1-841F-CEA198BD2C77}"
EndProject
Project("{2150E333-8FDC-42A3-9474-1A3956D46DE8}") = "Application", "Application", "{69659EB9-71AC-4B3A-8118-E95DD8EE2D48}"
EndProject
Project("{9A19103F-16F7-4668-BE54-9A1E7A4F7556}") = "AuctionManagement.Application", "AuctionManagement.Application\AuctionManagement.Application.csproj", "{20C6BCDA-4CF6-4707-AADD-9EE9D2D84AFB}"
EndProject
Project("{2150E333-8FDC-42A3-9474-1A3956D46DE8}") = "Infrastructure", "Infrastructure", "{C1E6C41E-6F9A-4FCD-B723-138D38576AD5}"
EndProject
Project("{2150E333-8FDC-42A3-9474-1A3956D46DE8}") = "Gateways", "Gateways", "{19ED2956-1AF5-4F7C-B99D-35CA46B616BA}"
EndProject
Project("{9A19103F-16F7-4668-BE54-9A1E7A4F7556}") = "AuctionManagement.Gateways.RestApi", "AuctionManagement.Gateways.RestApi\AuctionManagement.Gateways.RestApi.csproj", "{B21CF0B2-4044-451A-8405-D010F82B89CA}"
EndProject
Project("{9A19103F-16F7-4668-BE54-9A1E7A4F7556}") = "AuctionManagement.Application.Contracts", "AuctionManagement.Application.Contracts\AuctionManagement.Application.Contracts.csproj", "{F4FBB385-A62C-4864-BD38-6987F74E0664}"
EndProject
Project("{9A19103F-16F7-4668-BE54-9A1E7A4F7556}") = "AuctionManagement.Config", "AuctionManagement.Config\AuctionManagement.Config.csproj", "{B6C4C802-AAE1-4955-B8F3-652D8838B93A}"
EndProject
Project("{2150E333-8FDC-42A3-9474-1A3956D46DE8}") = "AuctionManagement", "AuctionManagement", "{E5008D5C-A6E5-4FC4-AFEE-B48C10E765EB}"
EndProject
Project("{9A19103F-16F7-4668-BE54-9A1E7A4F7556}") = "ServiceHost", "ServiceHost\ServiceHost.csproj", "{54516EC6-B782-4153-88CA-5718CCD90296}"
EndProject
Project("{2150E333-8FDC-42A3-9474-1A3956D46DE8}") = "Framework", "Framework", "{006DC88F-BC64-4AE4-9FA1-E4A1442BB0E9}"
EndProject
Project("{9A19103F-16F7-4668-BE54-9A1E7A4F7556}") = "Framework.Application", "Framework.Application\Framework.Application.csproj", "{FDCA4312-5AFD-4FC8-BBD8-46B64A888E76}"
EndProject
Project("{9A19103F-16F7-4668-BE54-9A1E7A4F7556}") = "Framework.Domain", "Framework.Domain\Framework.Domain.csproj", "{A3D4DE3E-EE49-404A-96DC-688B4DF54C79}"
EndProject
Project("{9A19103F-16F7-4668-BE54-9A1E7A4F7556}") = "Framework.Core", "Framework.Core\Framework.Core.csproj", "{010D3F05-CC5B-45D2-A368-585D23F92378}"
EndProject
Project("{9A19103F-16F7-4668-BE54-9A1E7A4F7556}") = "AuctionManagement.Persistence.NH", "AuctionManagement.Persistence.NH\AuctionManagement.Persistence.NH.csproj", "{9C72B07E-8557-4C41-9A38-19BE02BF6DA9}"
EndProject
Project("{2150E333-8FDC-42A3-9474-1A3956D46DE8}") = "PartyManagement", "PartyManagement", "{C46ECD30-3CB0-4310-B6FB-726E5702B4E7}"
EndProject
Project("{9A19103F-16F7-4668-BE54-9A1E7A4F7556}") = "PartyManagement.Domain", "PartyManagement.Domain\PartyManagement.Domain.csproj", "{83E56EB2-3E57-4A58-90BA-4D0FA1CED565}"
EndProject
Project("{2150E333-8FDC-42A3-9474-1A3956D46DE8}") = "Domain", "Domain", "{99CCE667-2D2F-4339-AA51-1B00F9753DE7}"
EndProject
Project("{2150E333-8FDC-42A3-9474-1A3956D46DE8}") = "Infrastructure", "Infrastructure", "{E64112AA-B756-4325-BB7F-C901293C17EF}"
EndProject
Project("{9A19103F-16F7-4668-BE54-9A1E7A4F7556}") = "PartyManagement.Persistence.NH", "PartyManagement.Persistence.NH\PartyManagement.Persistence.NH.csproj", "{F9B6EFD4-5003-4462-9A78-284F7B86253A}"
EndProject
Project("{9A19103F-16F7-4668-BE54-9A1E7A4F7556}") = "PartyManagement.Persistence.NH.Tests", "PartyManagement.Persistence.NH.Tests\PartyManagement.Persistence.NH.Tests.csproj", "{FF67F473-313F-4266-8004-81EC1B1027E3}"
EndProject
Project("{9A19103F-16F7-4668-BE54-9A1E7A4F7556}") = "PartyManagement.DatabaseMigrations", "PartyManagement.DatabaseMigrations\PartyManagement.DatabaseMigrations.csproj", "{9BA5A688-0426-4909-A960-C088F1645002}"
EndProject
Project("{9A19103F-16F7-4668-BE54-9A1E7A4F7556}") = "PartyManagement.Domain.Contracts", "PartyManagement.Domain.Contracts\PartyManagement.Domain.Contracts.csproj", "{EAC83EF8-9E17-44CD-B6CD-5D16E96F017C}"
EndProject
Project("{9A19103F-16F7-4668-BE54-9A1E7A4F7556}") = "AuctionManagement.Application.NSB", "AuctionManagement.Application.NSB\AuctionManagement.Application.NSB.csproj", "{24C89674-6EAF-44A9-A23F-66BBB04D3E1B}"
EndProject
Project("{FAE04EC0-301F-11D3-BF4B-00C04F79EFBC}") = "AuctionManagement.Domain.Contracts", "AuctionManagement.Domain.Contracts\AuctionManagement.Domain.Contracts.csproj", "{964FCB7C-0E21-4D0C-A40F-1AAC169AE2F5}"
EndProject
Global
	GlobalSection(SolutionConfigurationPlatforms) = preSolution
		Debug|Any CPU = Debug|Any CPU
		Release|Any CPU = Release|Any CPU
	EndGlobalSection
	GlobalSection(ProjectConfigurationPlatforms) = postSolution
		{2EBE7573-F39F-48DE-A8F3-F7D6F57003A5}.Debug|Any CPU.ActiveCfg = Debug|Any CPU
		{2EBE7573-F39F-48DE-A8F3-F7D6F57003A5}.Debug|Any CPU.Build.0 = Debug|Any CPU
		{2EBE7573-F39F-48DE-A8F3-F7D6F57003A5}.Release|Any CPU.ActiveCfg = Release|Any CPU
		{2EBE7573-F39F-48DE-A8F3-F7D6F57003A5}.Release|Any CPU.Build.0 = Release|Any CPU
		{20C6BCDA-4CF6-4707-AADD-9EE9D2D84AFB}.Debug|Any CPU.ActiveCfg = Debug|Any CPU
		{20C6BCDA-4CF6-4707-AADD-9EE9D2D84AFB}.Debug|Any CPU.Build.0 = Debug|Any CPU
		{20C6BCDA-4CF6-4707-AADD-9EE9D2D84AFB}.Release|Any CPU.ActiveCfg = Release|Any CPU
		{20C6BCDA-4CF6-4707-AADD-9EE9D2D84AFB}.Release|Any CPU.Build.0 = Release|Any CPU
		{B21CF0B2-4044-451A-8405-D010F82B89CA}.Debug|Any CPU.ActiveCfg = Debug|Any CPU
		{B21CF0B2-4044-451A-8405-D010F82B89CA}.Debug|Any CPU.Build.0 = Debug|Any CPU
		{B21CF0B2-4044-451A-8405-D010F82B89CA}.Release|Any CPU.ActiveCfg = Release|Any CPU
		{B21CF0B2-4044-451A-8405-D010F82B89CA}.Release|Any CPU.Build.0 = Release|Any CPU
		{F4FBB385-A62C-4864-BD38-6987F74E0664}.Debug|Any CPU.ActiveCfg = Debug|Any CPU
		{F4FBB385-A62C-4864-BD38-6987F74E0664}.Debug|Any CPU.Build.0 = Debug|Any CPU
		{F4FBB385-A62C-4864-BD38-6987F74E0664}.Release|Any CPU.ActiveCfg = Release|Any CPU
		{F4FBB385-A62C-4864-BD38-6987F74E0664}.Release|Any CPU.Build.0 = Release|Any CPU
		{B6C4C802-AAE1-4955-B8F3-652D8838B93A}.Debug|Any CPU.ActiveCfg = Debug|Any CPU
		{B6C4C802-AAE1-4955-B8F3-652D8838B93A}.Debug|Any CPU.Build.0 = Debug|Any CPU
		{B6C4C802-AAE1-4955-B8F3-652D8838B93A}.Release|Any CPU.ActiveCfg = Release|Any CPU
		{B6C4C802-AAE1-4955-B8F3-652D8838B93A}.Release|Any CPU.Build.0 = Release|Any CPU
		{54516EC6-B782-4153-88CA-5718CCD90296}.Debug|Any CPU.ActiveCfg = Debug|Any CPU
		{54516EC6-B782-4153-88CA-5718CCD90296}.Debug|Any CPU.Build.0 = Debug|Any CPU
		{54516EC6-B782-4153-88CA-5718CCD90296}.Release|Any CPU.ActiveCfg = Release|Any CPU
		{54516EC6-B782-4153-88CA-5718CCD90296}.Release|Any CPU.Build.0 = Release|Any CPU
		{FDCA4312-5AFD-4FC8-BBD8-46B64A888E76}.Debug|Any CPU.ActiveCfg = Debug|Any CPU
		{FDCA4312-5AFD-4FC8-BBD8-46B64A888E76}.Debug|Any CPU.Build.0 = Debug|Any CPU
		{FDCA4312-5AFD-4FC8-BBD8-46B64A888E76}.Release|Any CPU.ActiveCfg = Release|Any CPU
		{FDCA4312-5AFD-4FC8-BBD8-46B64A888E76}.Release|Any CPU.Build.0 = Release|Any CPU
		{A3D4DE3E-EE49-404A-96DC-688B4DF54C79}.Debug|Any CPU.ActiveCfg = Debug|Any CPU
		{A3D4DE3E-EE49-404A-96DC-688B4DF54C79}.Debug|Any CPU.Build.0 = Debug|Any CPU
		{A3D4DE3E-EE49-404A-96DC-688B4DF54C79}.Release|Any CPU.ActiveCfg = Release|Any CPU
		{A3D4DE3E-EE49-404A-96DC-688B4DF54C79}.Release|Any CPU.Build.0 = Release|Any CPU
		{010D3F05-CC5B-45D2-A368-585D23F92378}.Debug|Any CPU.ActiveCfg = Debug|Any CPU
		{010D3F05-CC5B-45D2-A368-585D23F92378}.Debug|Any CPU.Build.0 = Debug|Any CPU
		{010D3F05-CC5B-45D2-A368-585D23F92378}.Release|Any CPU.ActiveCfg = Release|Any CPU
		{010D3F05-CC5B-45D2-A368-585D23F92378}.Release|Any CPU.Build.0 = Release|Any CPU
		{9C72B07E-8557-4C41-9A38-19BE02BF6DA9}.Debug|Any CPU.ActiveCfg = Debug|Any CPU
		{9C72B07E-8557-4C41-9A38-19BE02BF6DA9}.Debug|Any CPU.Build.0 = Debug|Any CPU
		{9C72B07E-8557-4C41-9A38-19BE02BF6DA9}.Release|Any CPU.ActiveCfg = Release|Any CPU
		{9C72B07E-8557-4C41-9A38-19BE02BF6DA9}.Release|Any CPU.Build.0 = Release|Any CPU
		{83E56EB2-3E57-4A58-90BA-4D0FA1CED565}.Debug|Any CPU.ActiveCfg = Debug|Any CPU
		{83E56EB2-3E57-4A58-90BA-4D0FA1CED565}.Debug|Any CPU.Build.0 = Debug|Any CPU
		{83E56EB2-3E57-4A58-90BA-4D0FA1CED565}.Release|Any CPU.ActiveCfg = Release|Any CPU
		{83E56EB2-3E57-4A58-90BA-4D0FA1CED565}.Release|Any CPU.Build.0 = Release|Any CPU
		{F9B6EFD4-5003-4462-9A78-284F7B86253A}.Debug|Any CPU.ActiveCfg = Debug|Any CPU
		{F9B6EFD4-5003-4462-9A78-284F7B86253A}.Debug|Any CPU.Build.0 = Debug|Any CPU
		{F9B6EFD4-5003-4462-9A78-284F7B86253A}.Release|Any CPU.ActiveCfg = Release|Any CPU
		{F9B6EFD4-5003-4462-9A78-284F7B86253A}.Release|Any CPU.Build.0 = Release|Any CPU
		{FF67F473-313F-4266-8004-81EC1B1027E3}.Debug|Any CPU.ActiveCfg = Debug|Any CPU
		{FF67F473-313F-4266-8004-81EC1B1027E3}.Debug|Any CPU.Build.0 = Debug|Any CPU
		{FF67F473-313F-4266-8004-81EC1B1027E3}.Release|Any CPU.ActiveCfg = Release|Any CPU
		{FF67F473-313F-4266-8004-81EC1B1027E3}.Release|Any CPU.Build.0 = Release|Any CPU
		{9BA5A688-0426-4909-A960-C088F1645002}.Debug|Any CPU.ActiveCfg = Debug|Any CPU
		{9BA5A688-0426-4909-A960-C088F1645002}.Debug|Any CPU.Build.0 = Debug|Any CPU
		{9BA5A688-0426-4909-A960-C088F1645002}.Release|Any CPU.ActiveCfg = Release|Any CPU
		{9BA5A688-0426-4909-A960-C088F1645002}.Release|Any CPU.Build.0 = Release|Any CPU
		{EAC83EF8-9E17-44CD-B6CD-5D16E96F017C}.Debug|Any CPU.ActiveCfg = Debug|Any CPU
		{EAC83EF8-9E17-44CD-B6CD-5D16E96F017C}.Debug|Any CPU.Build.0 = Debug|Any CPU
		{EAC83EF8-9E17-44CD-B6CD-5D16E96F017C}.Release|Any CPU.ActiveCfg = Release|Any CPU
		{EAC83EF8-9E17-44CD-B6CD-5D16E96F017C}.Release|Any CPU.Build.0 = Release|Any CPU
		{24C89674-6EAF-44A9-A23F-66BBB04D3E1B}.Debug|Any CPU.ActiveCfg = Debug|Any CPU
		{24C89674-6EAF-44A9-A23F-66BBB04D3E1B}.Debug|Any CPU.Build.0 = Debug|Any CPU
		{24C89674-6EAF-44A9-A23F-66BBB04D3E1B}.Release|Any CPU.ActiveCfg = Release|Any CPU
		{24C89674-6EAF-44A9-A23F-66BBB04D3E1B}.Release|Any CPU.Build.0 = Release|Any CPU
		{964FCB7C-0E21-4D0C-A40F-1AAC169AE2F5}.Debug|Any CPU.ActiveCfg = Debug|Any CPU
		{964FCB7C-0E21-4D0C-A40F-1AAC169AE2F5}.Debug|Any CPU.Build.0 = Debug|Any CPU
		{964FCB7C-0E21-4D0C-A40F-1AAC169AE2F5}.Release|Any CPU.ActiveCfg = Release|Any CPU
		{964FCB7C-0E21-4D0C-A40F-1AAC169AE2F5}.Release|Any CPU.Build.0 = Release|Any CPU
	EndGlobalSection
	GlobalSection(SolutionProperties) = preSolution
		HideSolutionNode = FALSE
	EndGlobalSection
	GlobalSection(NestedProjects) = preSolution
		{2EBE7573-F39F-48DE-A8F3-F7D6F57003A5} = {3FBF77AD-E1C8-47A1-841F-CEA198BD2C77}
		{3FBF77AD-E1C8-47A1-841F-CEA198BD2C77} = {E5008D5C-A6E5-4FC4-AFEE-B48C10E765EB}
		{69659EB9-71AC-4B3A-8118-E95DD8EE2D48} = {E5008D5C-A6E5-4FC4-AFEE-B48C10E765EB}
		{20C6BCDA-4CF6-4707-AADD-9EE9D2D84AFB} = {69659EB9-71AC-4B3A-8118-E95DD8EE2D48}
		{C1E6C41E-6F9A-4FCD-B723-138D38576AD5} = {E5008D5C-A6E5-4FC4-AFEE-B48C10E765EB}
		{19ED2956-1AF5-4F7C-B99D-35CA46B616BA} = {E5008D5C-A6E5-4FC4-AFEE-B48C10E765EB}
		{B21CF0B2-4044-451A-8405-D010F82B89CA} = {19ED2956-1AF5-4F7C-B99D-35CA46B616BA}
		{F4FBB385-A62C-4864-BD38-6987F74E0664} = {69659EB9-71AC-4B3A-8118-E95DD8EE2D48}
		{B6C4C802-AAE1-4955-B8F3-652D8838B93A} = {C1E6C41E-6F9A-4FCD-B723-138D38576AD5}
		{FDCA4312-5AFD-4FC8-BBD8-46B64A888E76} = {006DC88F-BC64-4AE4-9FA1-E4A1442BB0E9}
		{A3D4DE3E-EE49-404A-96DC-688B4DF54C79} = {006DC88F-BC64-4AE4-9FA1-E4A1442BB0E9}
		{010D3F05-CC5B-45D2-A368-585D23F92378} = {006DC88F-BC64-4AE4-9FA1-E4A1442BB0E9}
		{9C72B07E-8557-4C41-9A38-19BE02BF6DA9} = {C1E6C41E-6F9A-4FCD-B723-138D38576AD5}
		{83E56EB2-3E57-4A58-90BA-4D0FA1CED565} = {99CCE667-2D2F-4339-AA51-1B00F9753DE7}
		{99CCE667-2D2F-4339-AA51-1B00F9753DE7} = {C46ECD30-3CB0-4310-B6FB-726E5702B4E7}
		{E64112AA-B756-4325-BB7F-C901293C17EF} = {C46ECD30-3CB0-4310-B6FB-726E5702B4E7}
		{F9B6EFD4-5003-4462-9A78-284F7B86253A} = {E64112AA-B756-4325-BB7F-C901293C17EF}
		{FF67F473-313F-4266-8004-81EC1B1027E3} = {E64112AA-B756-4325-BB7F-C901293C17EF}
		{9BA5A688-0426-4909-A960-C088F1645002} = {C46ECD30-3CB0-4310-B6FB-726E5702B4E7}
		{EAC83EF8-9E17-44CD-B6CD-5D16E96F017C} = {99CCE667-2D2F-4339-AA51-1B00F9753DE7}
		{24C89674-6EAF-44A9-A23F-66BBB04D3E1B} = {69659EB9-71AC-4B3A-8118-E95DD8EE2D48}
		{964FCB7C-0E21-4D0C-A40F-1AAC169AE2F5} = {3FBF77AD-E1C8-47A1-841F-CEA198BD2C77}
	EndGlobalSection
	GlobalSection(ExtensibilityGlobals) = postSolution
		SolutionGuid = {CF854612-7F0C-4CA5-B947-AEEB0F8BBAFC}
	EndGlobalSection
EndGlobal
