
Microsoft Visual Studio Solution File, Format Version 12.00
# Visual Studio 15
VisualStudioVersion = 15.0.28307.106
MinimumVisualStudioVersion = 10.0.40219.1
Project("{FAE04EC0-301F-11D3-BF4B-00C04F79EFBC}") = "Frontend", "Frontend.csproj", "{0EE98957-3BD3-4246-96AA-392D1C804EBD}"
EndProject
Global
	GlobalSection(SolutionConfigurationPlatforms) = preSolution
		Debug|Any CPU = Debug|Any CPU
		Release|Any CPU = Release|Any CPU
	EndGlobalSection
	GlobalSection(ProjectConfigurationPlatforms) = postSolution
		{0EE98957-3BD3-4246-96AA-392D1C804EBD}.Debug|Any CPU.ActiveCfg = Debug|Any CPU
		{0EE98957-3BD3-4246-96AA-392D1C804EBD}.Debug|Any CPU.Build.0 = Debug|Any CPU
		{0EE98957-3BD3-4246-96AA-392D1C804EBD}.Release|Any CPU.ActiveCfg = Release|Any CPU
		{0EE98957-3BD3-4246-96AA-392D1C804EBD}.Release|Any CPU.Build.0 = Release|Any CPU
	EndGlobalSection
	GlobalSection(SolutionProperties) = preSolution
		HideSolutionNode = FALSE
	EndGlobalSection
	GlobalSection(ExtensibilityGlobals) = postSolution
		SolutionGuid = {12123475-5BD6-4909-B066-31D400EFEDE2}
	EndGlobalSection
EndGlobal
